
Microsoft Visual Studio Solution File, Format Version 12.00
# Visual Studio Version 16
VisualStudioVersion = 16.0.30907.101
MinimumVisualStudioVersion = 10.0.40219.1
Project("{9A19103F-16F7-4668-BE54-9A1E7A4F7556}") = "AsposeAssignment", "AsposeAssignment\AsposeAssignment.csproj", "{A272FB9E-6205-4C0B-A71E-4943F3C794A0}"
EndProject
Project("{9A19103F-16F7-4668-BE54-9A1E7A4F7556}") = "AsposeAssignment.Runner", "AsposeAssignment.Runner\AsposeAssignment.Runner.csproj", "{A8710B09-CEF1-4C29-8830-4DE138EEBE39}"
EndProject
Project("{FAE04EC0-301F-11D3-BF4B-00C04F79EFBC}") = "AsposeAssignment.Tests", "AsposeAssignment.Tests\AsposeAssignment.Tests.csproj", "{1704FE74-3BBC-4A05-A671-0191D4619C23}"
EndProject
Global
	GlobalSection(SolutionConfigurationPlatforms) = preSolution
		Debug|Any CPU = Debug|Any CPU
		Release|Any CPU = Release|Any CPU
	EndGlobalSection
	GlobalSection(ProjectConfigurationPlatforms) = postSolution
		{A272FB9E-6205-4C0B-A71E-4943F3C794A0}.Debug|Any CPU.ActiveCfg = Debug|Any CPU
		{A272FB9E-6205-4C0B-A71E-4943F3C794A0}.Debug|Any CPU.Build.0 = Debug|Any CPU
		{A272FB9E-6205-4C0B-A71E-4943F3C794A0}.Release|Any CPU.ActiveCfg = Release|Any CPU
		{A272FB9E-6205-4C0B-A71E-4943F3C794A0}.Release|Any CPU.Build.0 = Release|Any CPU
		{A8710B09-CEF1-4C29-8830-4DE138EEBE39}.Debug|Any CPU.ActiveCfg = Debug|Any CPU
		{A8710B09-CEF1-4C29-8830-4DE138EEBE39}.Debug|Any CPU.Build.0 = Debug|Any CPU
		{A8710B09-CEF1-4C29-8830-4DE138EEBE39}.Release|Any CPU.ActiveCfg = Release|Any CPU
		{A8710B09-CEF1-4C29-8830-4DE138EEBE39}.Release|Any CPU.Build.0 = Release|Any CPU
		{1704FE74-3BBC-4A05-A671-0191D4619C23}.Debug|Any CPU.ActiveCfg = Debug|Any CPU
		{1704FE74-3BBC-4A05-A671-0191D4619C23}.Debug|Any CPU.Build.0 = Debug|Any CPU
		{1704FE74-3BBC-4A05-A671-0191D4619C23}.Release|Any CPU.ActiveCfg = Release|Any CPU
		{1704FE74-3BBC-4A05-A671-0191D4619C23}.Release|Any CPU.Build.0 = Release|Any CPU
	EndGlobalSection
	GlobalSection(SolutionProperties) = preSolution
		HideSolutionNode = FALSE
	EndGlobalSection
	GlobalSection(ExtensibilityGlobals) = postSolution
		SolutionGuid = {8CA0E66E-112E-4158-9B0E-C459FE8A5BCC}
	EndGlobalSection
EndGlobal
